
Microsoft Visual Studio Solution File, Format Version 12.00
# Visual Studio 15
VisualStudioVersion = 15.0.28307.136
MinimumVisualStudioVersion = 10.0.40219.1
Project("{FAE04EC0-301F-11D3-BF4B-00C04F79EFBC}") = "GettingStartedBound.Android", "GettingStartedBound\GettingStartedBound.Android\GettingStartedBound.Android.csproj", "{66125CEB-18C2-4750-9863-9EA6711B1C42}"
EndProject
Project("{FAE04EC0-301F-11D3-BF4B-00C04F79EFBC}") = "GettingStartedBound.iOS", "GettingStartedBound\GettingStartedBound.iOS\GettingStartedBound.iOS.csproj", "{7F7942E6-863A-4F61-A737-04DF6AC74102}"
EndProject
Project("{FAE04EC0-301F-11D3-BF4B-00C04F79EFBC}") = "GettingStartedBound.UWP", "GettingStartedBound\GettingStartedBound.UWP\GettingStartedBound.UWP.csproj", "{DE846868-586D-4132-AE76-DB6C317BDF16}"
EndProject
Project("{FAE04EC0-301F-11D3-BF4B-00C04F79EFBC}") = "GettingStartedBound", "GettingStartedBound\GettingStartedBound\GettingStartedBound.csproj", "{67D274FB-DF93-4041-811A-0AAD3C326700}"
EndProject
Global
	GlobalSection(SolutionConfigurationPlatforms) = preSolution
		Ad-Hoc|Any CPU = Ad-Hoc|Any CPU
		Ad-Hoc|ARM = Ad-Hoc|ARM
		Ad-Hoc|iPhone = Ad-Hoc|iPhone
		Ad-Hoc|iPhoneSimulator = Ad-Hoc|iPhoneSimulator
		Ad-Hoc|x64 = Ad-Hoc|x64
		Ad-Hoc|x86 = Ad-Hoc|x86
		AppStore|Any CPU = AppStore|Any CPU
		AppStore|ARM = AppStore|ARM
		AppStore|iPhone = AppStore|iPhone
		AppStore|iPhoneSimulator = AppStore|iPhoneSimulator
		AppStore|x64 = AppStore|x64
		AppStore|x86 = AppStore|x86
		Debug|Any CPU = Debug|Any CPU
		Debug|ARM = Debug|ARM
		Debug|iPhone = Debug|iPhone
		Debug|iPhoneSimulator = Debug|iPhoneSimulator
		Debug|x64 = Debug|x64
		Debug|x86 = Debug|x86
		Release|Any CPU = Release|Any CPU
		Release|ARM = Release|ARM
		Release|iPhone = Release|iPhone
		Release|iPhoneSimulator = Release|iPhoneSimulator
		Release|x64 = Release|x64
		Release|x86 = Release|x86
	EndGlobalSection
	GlobalSection(ProjectConfigurationPlatforms) = postSolution
		{66125CEB-18C2-4750-9863-9EA6711B1C42}.Ad-Hoc|Any CPU.ActiveCfg = Release|Any CPU
		{66125CEB-18C2-4750-9863-9EA6711B1C42}.Ad-Hoc|Any CPU.Build.0 = Release|Any CPU
		{66125CEB-18C2-4750-9863-9EA6711B1C42}.Ad-Hoc|Any CPU.Deploy.0 = Release|Any CPU
		{66125CEB-18C2-4750-9863-9EA6711B1C42}.Ad-Hoc|ARM.ActiveCfg = Release|Any CPU
		{66125CEB-18C2-4750-9863-9EA6711B1C42}.Ad-Hoc|ARM.Build.0 = Release|Any CPU
		{66125CEB-18C2-4750-9863-9EA6711B1C42}.Ad-Hoc|ARM.Deploy.0 = Release|Any CPU
		{66125CEB-18C2-4750-9863-9EA6711B1C42}.Ad-Hoc|iPhone.ActiveCfg = Release|Any CPU
		{66125CEB-18C2-4750-9863-9EA6711B1C42}.Ad-Hoc|iPhone.Build.0 = Release|Any CPU
		{66125CEB-18C2-4750-9863-9EA6711B1C42}.Ad-Hoc|iPhone.Deploy.0 = Release|Any CPU
		{66125CEB-18C2-4750-9863-9EA6711B1C42}.Ad-Hoc|iPhoneSimulator.ActiveCfg = Release|Any CPU
		{66125CEB-18C2-4750-9863-9EA6711B1C42}.Ad-Hoc|iPhoneSimulator.Build.0 = Release|Any CPU
		{66125CEB-18C2-4750-9863-9EA6711B1C42}.Ad-Hoc|iPhoneSimulator.Deploy.0 = Release|Any CPU
		{66125CEB-18C2-4750-9863-9EA6711B1C42}.Ad-Hoc|x64.ActiveCfg = Release|Any CPU
		{66125CEB-18C2-4750-9863-9EA6711B1C42}.Ad-Hoc|x64.Build.0 = Release|Any CPU
		{66125CEB-18C2-4750-9863-9EA6711B1C42}.Ad-Hoc|x64.Deploy.0 = Release|Any CPU
		{66125CEB-18C2-4750-9863-9EA6711B1C42}.Ad-Hoc|x86.ActiveCfg = Release|Any CPU
		{66125CEB-18C2-4750-9863-9EA6711B1C42}.Ad-Hoc|x86.Build.0 = Release|Any CPU
		{66125CEB-18C2-4750-9863-9EA6711B1C42}.Ad-Hoc|x86.Deploy.0 = Release|Any CPU
		{66125CEB-18C2-4750-9863-9EA6711B1C42}.AppStore|Any CPU.ActiveCfg = Release|Any CPU
		{66125CEB-18C2-4750-9863-9EA6711B1C42}.AppStore|Any CPU.Build.0 = Release|Any CPU
		{66125CEB-18C2-4750-9863-9EA6711B1C42}.AppStore|Any CPU.Deploy.0 = Release|Any CPU
		{66125CEB-18C2-4750-9863-9EA6711B1C42}.AppStore|ARM.ActiveCfg = Release|Any CPU
		{66125CEB-18C2-4750-9863-9EA6711B1C42}.AppStore|ARM.Build.0 = Release|Any CPU
		{66125CEB-18C2-4750-9863-9EA6711B1C42}.AppStore|ARM.Deploy.0 = Release|Any CPU
		{66125CEB-18C2-4750-9863-9EA6711B1C42}.AppStore|iPhone.ActiveCfg = Release|Any CPU
		{66125CEB-18C2-4750-9863-9EA6711B1C42}.AppStore|iPhone.Build.0 = Release|Any CPU
		{66125CEB-18C2-4750-9863-9EA6711B1C42}.AppStore|iPhone.Deploy.0 = Release|Any CPU
		{66125CEB-18C2-4750-9863-9EA6711B1C42}.AppStore|iPhoneSimulator.ActiveCfg = Release|Any CPU
		{66125CEB-18C2-4750-9863-9EA6711B1C42}.AppStore|iPhoneSimulator.Build.0 = Release|Any CPU
		{66125CEB-18C2-4750-9863-9EA6711B1C42}.AppStore|iPhoneSimulator.Deploy.0 = Release|Any CPU
		{66125CEB-18C2-4750-9863-9EA6711B1C42}.AppStore|x64.ActiveCfg = Release|Any CPU
		{66125CEB-18C2-4750-9863-9EA6711B1C42}.AppStore|x64.Build.0 = Release|Any CPU
		{66125CEB-18C2-4750-9863-9EA6711B1C42}.AppStore|x64.Deploy.0 = Release|Any CPU
		{66125CEB-18C2-4750-9863-9EA6711B1C42}.AppStore|x86.ActiveCfg = Release|Any CPU
		{66125CEB-18C2-4750-9863-9EA6711B1C42}.AppStore|x86.Build.0 = Release|Any CPU
		{66125CEB-18C2-4750-9863-9EA6711B1C42}.AppStore|x86.Deploy.0 = Release|Any CPU
		{66125CEB-18C2-4750-9863-9EA6711B1C42}.Debug|Any CPU.ActiveCfg = Debug|Any CPU
		{66125CEB-18C2-4750-9863-9EA6711B1C42}.Debug|Any CPU.Build.0 = Debug|Any CPU
		{66125CEB-18C2-4750-9863-9EA6711B1C42}.Debug|Any CPU.Deploy.0 = Debug|Any CPU
		{66125CEB-18C2-4750-9863-9EA6711B1C42}.Debug|ARM.ActiveCfg = Debug|Any CPU
		{66125CEB-18C2-4750-9863-9EA6711B1C42}.Debug|ARM.Build.0 = Debug|Any CPU
		{66125CEB-18C2-4750-9863-9EA6711B1C42}.Debug|ARM.Deploy.0 = Debug|Any CPU
		{66125CEB-18C2-4750-9863-9EA6711B1C42}.Debug|iPhone.ActiveCfg = Debug|Any CPU
		{66125CEB-18C2-4750-9863-9EA6711B1C42}.Debug|iPhone.Build.0 = Debug|Any CPU
		{66125CEB-18C2-4750-9863-9EA6711B1C42}.Debug|iPhone.Deploy.0 = Debug|Any CPU
		{66125CEB-18C2-4750-9863-9EA6711B1C42}.Debug|iPhoneSimulator.ActiveCfg = Debug|Any CPU
		{66125CEB-18C2-4750-9863-9EA6711B1C42}.Debug|iPhoneSimulator.Build.0 = Debug|Any CPU
		{66125CEB-18C2-4750-9863-9EA6711B1C42}.Debug|iPhoneSimulator.Deploy.0 = Debug|Any CPU
		{66125CEB-18C2-4750-9863-9EA6711B1C42}.Debug|x64.ActiveCfg = Debug|Any CPU
		{66125CEB-18C2-4750-9863-9EA6711B1C42}.Debug|x64.Build.0 = Debug|Any CPU
		{66125CEB-18C2-4750-9863-9EA6711B1C42}.Debug|x64.Deploy.0 = Debug|Any CPU
		{66125CEB-18C2-4750-9863-9EA6711B1C42}.Debug|x86.ActiveCfg = Debug|Any CPU
		{66125CEB-18C2-4750-9863-9EA6711B1C42}.Debug|x86.Build.0 = Debug|Any CPU
		{66125CEB-18C2-4750-9863-9EA6711B1C42}.Debug|x86.Deploy.0 = Debug|Any CPU
		{66125CEB-18C2-4750-9863-9EA6711B1C42}.Release|Any CPU.ActiveCfg = Release|Any CPU
		{66125CEB-18C2-4750-9863-9EA6711B1C42}.Release|Any CPU.Build.0 = Release|Any CPU
		{66125CEB-18C2-4750-9863-9EA6711B1C42}.Release|Any CPU.Deploy.0 = Release|Any CPU
		{66125CEB-18C2-4750-9863-9EA6711B1C42}.Release|ARM.ActiveCfg = Release|Any CPU
		{66125CEB-18C2-4750-9863-9EA6711B1C42}.Release|ARM.Build.0 = Release|Any CPU
		{66125CEB-18C2-4750-9863-9EA6711B1C42}.Release|ARM.Deploy.0 = Release|Any CPU
		{66125CEB-18C2-4750-9863-9EA6711B1C42}.Release|iPhone.ActiveCfg = Release|Any CPU
		{66125CEB-18C2-4750-9863-9EA6711B1C42}.Release|iPhone.Build.0 = Release|Any CPU
		{66125CEB-18C2-4750-9863-9EA6711B1C42}.Release|iPhone.Deploy.0 = Release|Any CPU
		{66125CEB-18C2-4750-9863-9EA6711B1C42}.Release|iPhoneSimulator.ActiveCfg = Release|Any CPU
		{66125CEB-18C2-4750-9863-9EA6711B1C42}.Release|iPhoneSimulator.Build.0 = Release|Any CPU
		{66125CEB-18C2-4750-9863-9EA6711B1C42}.Release|iPhoneSimulator.Deploy.0 = Release|Any CPU
		{66125CEB-18C2-4750-9863-9EA6711B1C42}.Release|x64.ActiveCfg = Release|Any CPU
		{66125CEB-18C2-4750-9863-9EA6711B1C42}.Release|x64.Build.0 = Release|Any CPU
		{66125CEB-18C2-4750-9863-9EA6711B1C42}.Release|x64.Deploy.0 = Release|Any CPU
		{66125CEB-18C2-4750-9863-9EA6711B1C42}.Release|x86.ActiveCfg = Release|Any CPU
		{66125CEB-18C2-4750-9863-9EA6711B1C42}.Release|x86.Build.0 = Release|Any CPU
		{66125CEB-18C2-4750-9863-9EA6711B1C42}.Release|x86.Deploy.0 = Release|Any CPU
		{7F7942E6-863A-4F61-A737-04DF6AC74102}.Ad-Hoc|Any CPU.ActiveCfg = Ad-Hoc|iPhone
		{7F7942E6-863A-4F61-A737-04DF6AC74102}.Ad-Hoc|Any CPU.Build.0 = Ad-Hoc|iPhone
		{7F7942E6-863A-4F61-A737-04DF6AC74102}.Ad-Hoc|Any CPU.Deploy.0 = Ad-Hoc|iPhone
		{7F7942E6-863A-4F61-A737-04DF6AC74102}.Ad-Hoc|ARM.ActiveCfg = Ad-Hoc|iPhone
		{7F7942E6-863A-4F61-A737-04DF6AC74102}.Ad-Hoc|ARM.Build.0 = Ad-Hoc|iPhone
		{7F7942E6-863A-4F61-A737-04DF6AC74102}.Ad-Hoc|ARM.Deploy.0 = Ad-Hoc|iPhone
		{7F7942E6-863A-4F61-A737-04DF6AC74102}.Ad-Hoc|iPhone.ActiveCfg = Ad-Hoc|iPhone
		{7F7942E6-863A-4F61-A737-04DF6AC74102}.Ad-Hoc|iPhone.Build.0 = Ad-Hoc|iPhone
		{7F7942E6-863A-4F61-A737-04DF6AC74102}.Ad-Hoc|iPhone.Deploy.0 = Ad-Hoc|iPhone
		{7F7942E6-863A-4F61-A737-04DF6AC74102}.Ad-Hoc|iPhoneSimulator.ActiveCfg = Ad-Hoc|iPhoneSimulator
		{7F7942E6-863A-4F61-A737-04DF6AC74102}.Ad-Hoc|iPhoneSimulator.Build.0 = Ad-Hoc|iPhoneSimulator
		{7F7942E6-863A-4F61-A737-04DF6AC74102}.Ad-Hoc|iPhoneSimulator.Deploy.0 = Ad-Hoc|iPhoneSimulator
		{7F7942E6-863A-4F61-A737-04DF6AC74102}.Ad-Hoc|x64.ActiveCfg = Ad-Hoc|iPhone
		{7F7942E6-863A-4F61-A737-04DF6AC74102}.Ad-Hoc|x64.Build.0 = Ad-Hoc|iPhone
		{7F7942E6-863A-4F61-A737-04DF6AC74102}.Ad-Hoc|x64.Deploy.0 = Ad-Hoc|iPhone
		{7F7942E6-863A-4F61-A737-04DF6AC74102}.Ad-Hoc|x86.ActiveCfg = Ad-Hoc|iPhone
		{7F7942E6-863A-4F61-A737-04DF6AC74102}.Ad-Hoc|x86.Build.0 = Ad-Hoc|iPhone
		{7F7942E6-863A-4F61-A737-04DF6AC74102}.Ad-Hoc|x86.Deploy.0 = Ad-Hoc|iPhone
		{7F7942E6-863A-4F61-A737-04DF6AC74102}.AppStore|Any CPU.ActiveCfg = AppStore|iPhone
		{7F7942E6-863A-4F61-A737-04DF6AC74102}.AppStore|Any CPU.Build.0 = AppStore|iPhone
		{7F7942E6-863A-4F61-A737-04DF6AC74102}.AppStore|Any CPU.Deploy.0 = AppStore|iPhone
		{7F7942E6-863A-4F61-A737-04DF6AC74102}.AppStore|ARM.ActiveCfg = AppStore|iPhone
		{7F7942E6-863A-4F61-A737-04DF6AC74102}.AppStore|ARM.Build.0 = AppStore|iPhone
		{7F7942E6-863A-4F61-A737-04DF6AC74102}.AppStore|ARM.Deploy.0 = AppStore|iPhone
		{7F7942E6-863A-4F61-A737-04DF6AC74102}.AppStore|iPhone.ActiveCfg = AppStore|iPhone
		{7F7942E6-863A-4F61-A737-04DF6AC74102}.AppStore|iPhone.Build.0 = AppStore|iPhone
		{7F7942E6-863A-4F61-A737-04DF6AC74102}.AppStore|iPhone.Deploy.0 = AppStore|iPhone
		{7F7942E6-863A-4F61-A737-04DF6AC74102}.AppStore|iPhoneSimulator.ActiveCfg = AppStore|iPhoneSimulator
		{7F7942E6-863A-4F61-A737-04DF6AC74102}.AppStore|iPhoneSimulator.Build.0 = AppStore|iPhoneSimulator
		{7F7942E6-863A-4F61-A737-04DF6AC74102}.AppStore|iPhoneSimulator.Deploy.0 = AppStore|iPhoneSimulator
		{7F7942E6-863A-4F61-A737-04DF6AC74102}.AppStore|x64.ActiveCfg = AppStore|iPhone
		{7F7942E6-863A-4F61-A737-04DF6AC74102}.AppStore|x64.Build.0 = AppStore|iPhone
		{7F7942E6-863A-4F61-A737-04DF6AC74102}.AppStore|x64.Deploy.0 = AppStore|iPhone
		{7F7942E6-863A-4F61-A737-04DF6AC74102}.AppStore|x86.ActiveCfg = AppStore|iPhone
		{7F7942E6-863A-4F61-A737-04DF6AC74102}.AppStore|x86.Build.0 = AppStore|iPhone
		{7F7942E6-863A-4F61-A737-04DF6AC74102}.AppStore|x86.Deploy.0 = AppStore|iPhone
		{7F7942E6-863A-4F61-A737-04DF6AC74102}.Debug|Any CPU.ActiveCfg = Debug|iPhoneSimulator
		{7F7942E6-863A-4F61-A737-04DF6AC74102}.Debug|Any CPU.Build.0 = Debug|iPhoneSimulator
		{7F7942E6-863A-4F61-A737-04DF6AC74102}.Debug|Any CPU.Deploy.0 = Debug|iPhoneSimulator
		{7F7942E6-863A-4F61-A737-04DF6AC74102}.Debug|ARM.ActiveCfg = Debug|iPhone
		{7F7942E6-863A-4F61-A737-04DF6AC74102}.Debug|ARM.Build.0 = Debug|iPhone
		{7F7942E6-863A-4F61-A737-04DF6AC74102}.Debug|ARM.Deploy.0 = Debug|iPhone
		{7F7942E6-863A-4F61-A737-04DF6AC74102}.Debug|iPhone.ActiveCfg = Debug|iPhone
		{7F7942E6-863A-4F61-A737-04DF6AC74102}.Debug|iPhone.Build.0 = Debug|iPhone
		{7F7942E6-863A-4F61-A737-04DF6AC74102}.Debug|iPhone.Deploy.0 = Debug|iPhone
		{7F7942E6-863A-4F61-A737-04DF6AC74102}.Debug|iPhoneSimulator.ActiveCfg = Debug|iPhoneSimulator
		{7F7942E6-863A-4F61-A737-04DF6AC74102}.Debug|iPhoneSimulator.Build.0 = Debug|iPhoneSimulator
		{7F7942E6-863A-4F61-A737-04DF6AC74102}.Debug|iPhoneSimulator.Deploy.0 = Debug|iPhoneSimulator
		{7F7942E6-863A-4F61-A737-04DF6AC74102}.Debug|x64.ActiveCfg = Debug|iPhone
		{7F7942E6-863A-4F61-A737-04DF6AC74102}.Debug|x64.Build.0 = Debug|iPhone
		{7F7942E6-863A-4F61-A737-04DF6AC74102}.Debug|x64.Deploy.0 = Debug|iPhone
		{7F7942E6-863A-4F61-A737-04DF6AC74102}.Debug|x86.ActiveCfg = Debug|iPhone
		{7F7942E6-863A-4F61-A737-04DF6AC74102}.Debug|x86.Build.0 = Debug|iPhone
		{7F7942E6-863A-4F61-A737-04DF6AC74102}.Debug|x86.Deploy.0 = Debug|iPhone
		{7F7942E6-863A-4F61-A737-04DF6AC74102}.Release|Any CPU.ActiveCfg = Release|iPhone
		{7F7942E6-863A-4F61-A737-04DF6AC74102}.Release|Any CPU.Build.0 = Release|iPhone
		{7F7942E6-863A-4F61-A737-04DF6AC74102}.Release|Any CPU.Deploy.0 = Release|iPhone
		{7F7942E6-863A-4F61-A737-04DF6AC74102}.Release|ARM.ActiveCfg = Release|iPhone
		{7F7942E6-863A-4F61-A737-04DF6AC74102}.Release|ARM.Build.0 = Release|iPhone
		{7F7942E6-863A-4F61-A737-04DF6AC74102}.Release|ARM.Deploy.0 = Release|iPhone
		{7F7942E6-863A-4F61-A737-04DF6AC74102}.Release|iPhone.ActiveCfg = Release|iPhone
		{7F7942E6-863A-4F61-A737-04DF6AC74102}.Release|iPhone.Build.0 = Release|iPhone
		{7F7942E6-863A-4F61-A737-04DF6AC74102}.Release|iPhone.Deploy.0 = Release|iPhone
		{7F7942E6-863A-4F61-A737-04DF6AC74102}.Release|iPhoneSimulator.ActiveCfg = Release|iPhoneSimulator
		{7F7942E6-863A-4F61-A737-04DF6AC74102}.Release|iPhoneSimulator.Build.0 = Release|iPhoneSimulator
		{7F7942E6-863A-4F61-A737-04DF6AC74102}.Release|iPhoneSimulator.Deploy.0 = Release|iPhoneSimulator
		{7F7942E6-863A-4F61-A737-04DF6AC74102}.Release|x64.ActiveCfg = Release|iPhone
		{7F7942E6-863A-4F61-A737-04DF6AC74102}.Release|x64.Build.0 = Release|iPhone
		{7F7942E6-863A-4F61-A737-04DF6AC74102}.Release|x64.Deploy.0 = Release|iPhone
		{7F7942E6-863A-4F61-A737-04DF6AC74102}.Release|x86.ActiveCfg = Release|iPhone
		{7F7942E6-863A-4F61-A737-04DF6AC74102}.Release|x86.Build.0 = Release|iPhone
		{7F7942E6-863A-4F61-A737-04DF6AC74102}.Release|x86.Deploy.0 = Release|iPhone
		{DE846868-586D-4132-AE76-DB6C317BDF16}.Ad-Hoc|Any CPU.ActiveCfg = Release|x86
		{DE846868-586D-4132-AE76-DB6C317BDF16}.Ad-Hoc|Any CPU.Build.0 = Release|x86
		{DE846868-586D-4132-AE76-DB6C317BDF16}.Ad-Hoc|Any CPU.Deploy.0 = Release|x86
		{DE846868-586D-4132-AE76-DB6C317BDF16}.Ad-Hoc|ARM.ActiveCfg = Release|ARM
		{DE846868-586D-4132-AE76-DB6C317BDF16}.Ad-Hoc|ARM.Build.0 = Release|ARM
		{DE846868-586D-4132-AE76-DB6C317BDF16}.Ad-Hoc|ARM.Deploy.0 = Release|ARM
		{DE846868-586D-4132-AE76-DB6C317BDF16}.Ad-Hoc|iPhone.ActiveCfg = Release|x86
		{DE846868-586D-4132-AE76-DB6C317BDF16}.Ad-Hoc|iPhone.Build.0 = Release|x86
		{DE846868-586D-4132-AE76-DB6C317BDF16}.Ad-Hoc|iPhone.Deploy.0 = Release|x86
		{DE846868-586D-4132-AE76-DB6C317BDF16}.Ad-Hoc|iPhoneSimulator.ActiveCfg = Release|x86
		{DE846868-586D-4132-AE76-DB6C317BDF16}.Ad-Hoc|iPhoneSimulator.Build.0 = Release|x86
		{DE846868-586D-4132-AE76-DB6C317BDF16}.Ad-Hoc|iPhoneSimulator.Deploy.0 = Release|x86
		{DE846868-586D-4132-AE76-DB6C317BDF16}.Ad-Hoc|x64.ActiveCfg = Release|x64
		{DE846868-586D-4132-AE76-DB6C317BDF16}.Ad-Hoc|x64.Build.0 = Release|x64
		{DE846868-586D-4132-AE76-DB6C317BDF16}.Ad-Hoc|x64.Deploy.0 = Release|x64
		{DE846868-586D-4132-AE76-DB6C317BDF16}.Ad-Hoc|x86.ActiveCfg = Release|x86
		{DE846868-586D-4132-AE76-DB6C317BDF16}.Ad-Hoc|x86.Build.0 = Release|x86
		{DE846868-586D-4132-AE76-DB6C317BDF16}.Ad-Hoc|x86.Deploy.0 = Release|x86
		{DE846868-586D-4132-AE76-DB6C317BDF16}.AppStore|Any CPU.ActiveCfg = Release|x86
		{DE846868-586D-4132-AE76-DB6C317BDF16}.AppStore|Any CPU.Build.0 = Release|x86
		{DE846868-586D-4132-AE76-DB6C317BDF16}.AppStore|Any CPU.Deploy.0 = Release|x86
		{DE846868-586D-4132-AE76-DB6C317BDF16}.AppStore|ARM.ActiveCfg = Release|ARM
		{DE846868-586D-4132-AE76-DB6C317BDF16}.AppStore|ARM.Build.0 = Release|ARM
		{DE846868-586D-4132-AE76-DB6C317BDF16}.AppStore|ARM.Deploy.0 = Release|ARM
		{DE846868-586D-4132-AE76-DB6C317BDF16}.AppStore|iPhone.ActiveCfg = Release|x86
		{DE846868-586D-4132-AE76-DB6C317BDF16}.AppStore|iPhone.Build.0 = Release|x86
		{DE846868-586D-4132-AE76-DB6C317BDF16}.AppStore|iPhone.Deploy.0 = Release|x86
		{DE846868-586D-4132-AE76-DB6C317BDF16}.AppStore|iPhoneSimulator.ActiveCfg = Release|x86
		{DE846868-586D-4132-AE76-DB6C317BDF16}.AppStore|iPhoneSimulator.Build.0 = Release|x86
		{DE846868-586D-4132-AE76-DB6C317BDF16}.AppStore|iPhoneSimulator.Deploy.0 = Release|x86
		{DE846868-586D-4132-AE76-DB6C317BDF16}.AppStore|x64.ActiveCfg = Release|x64
		{DE846868-586D-4132-AE76-DB6C317BDF16}.AppStore|x64.Build.0 = Release|x64
		{DE846868-586D-4132-AE76-DB6C317BDF16}.AppStore|x64.Deploy.0 = Release|x64
		{DE846868-586D-4132-AE76-DB6C317BDF16}.AppStore|x86.ActiveCfg = Release|x86
		{DE846868-586D-4132-AE76-DB6C317BDF16}.AppStore|x86.Build.0 = Release|x86
		{DE846868-586D-4132-AE76-DB6C317BDF16}.AppStore|x86.Deploy.0 = Release|x86
		{DE846868-586D-4132-AE76-DB6C317BDF16}.Debug|Any CPU.ActiveCfg = Debug|x86
		{DE846868-586D-4132-AE76-DB6C317BDF16}.Debug|Any CPU.Build.0 = Debug|x86
		{DE846868-586D-4132-AE76-DB6C317BDF16}.Debug|Any CPU.Deploy.0 = Debug|x86
		{DE846868-586D-4132-AE76-DB6C317BDF16}.Debug|ARM.ActiveCfg = Debug|ARM
		{DE846868-586D-4132-AE76-DB6C317BDF16}.Debug|ARM.Build.0 = Debug|ARM
		{DE846868-586D-4132-AE76-DB6C317BDF16}.Debug|ARM.Deploy.0 = Debug|ARM
		{DE846868-586D-4132-AE76-DB6C317BDF16}.Debug|iPhone.ActiveCfg = Debug|x86
		{DE846868-586D-4132-AE76-DB6C317BDF16}.Debug|iPhone.Build.0 = Debug|x86
		{DE846868-586D-4132-AE76-DB6C317BDF16}.Debug|iPhone.Deploy.0 = Debug|x86
		{DE846868-586D-4132-AE76-DB6C317BDF16}.Debug|iPhoneSimulator.ActiveCfg = Debug|x86
		{DE846868-586D-4132-AE76-DB6C317BDF16}.Debug|iPhoneSimulator.Build.0 = Debug|x86
		{DE846868-586D-4132-AE76-DB6C317BDF16}.Debug|iPhoneSimulator.Deploy.0 = Debug|x86
		{DE846868-586D-4132-AE76-DB6C317BDF16}.Debug|x64.ActiveCfg = Debug|x64
		{DE846868-586D-4132-AE76-DB6C317BDF16}.Debug|x64.Build.0 = Debug|x64
		{DE846868-586D-4132-AE76-DB6C317BDF16}.Debug|x64.Deploy.0 = Debug|x64
		{DE846868-586D-4132-AE76-DB6C317BDF16}.Debug|x86.ActiveCfg = Debug|x86
		{DE846868-586D-4132-AE76-DB6C317BDF16}.Debug|x86.Build.0 = Debug|x86
		{DE846868-586D-4132-AE76-DB6C317BDF16}.Debug|x86.Deploy.0 = Debug|x86
		{DE846868-586D-4132-AE76-DB6C317BDF16}.Release|Any CPU.ActiveCfg = Release|x86
		{DE846868-586D-4132-AE76-DB6C317BDF16}.Release|Any CPU.Build.0 = Release|x86
		{DE846868-586D-4132-AE76-DB6C317BDF16}.Release|Any CPU.Deploy.0 = Release|x86
		{DE846868-586D-4132-AE76-DB6C317BDF16}.Release|ARM.ActiveCfg = Release|ARM
		{DE846868-586D-4132-AE76-DB6C317BDF16}.Release|ARM.Build.0 = Release|ARM
		{DE846868-586D-4132-AE76-DB6C317BDF16}.Release|ARM.Deploy.0 = Release|ARM
		{DE846868-586D-4132-AE76-DB6C317BDF16}.Release|iPhone.ActiveCfg = Release|x86
		{DE846868-586D-4132-AE76-DB6C317BDF16}.Release|iPhone.Build.0 = Release|x86
		{DE846868-586D-4132-AE76-DB6C317BDF16}.Release|iPhone.Deploy.0 = Release|x86
		{DE846868-586D-4132-AE76-DB6C317BDF16}.Release|iPhoneSimulator.ActiveCfg = Release|x86
		{DE846868-586D-4132-AE76-DB6C317BDF16}.Release|iPhoneSimulator.Build.0 = Release|x86
		{DE846868-586D-4132-AE76-DB6C317BDF16}.Release|iPhoneSimulator.Deploy.0 = Release|x86
		{DE846868-586D-4132-AE76-DB6C317BDF16}.Release|x64.ActiveCfg = Release|x64
		{DE846868-586D-4132-AE76-DB6C317BDF16}.Release|x64.Build.0 = Release|x64
		{DE846868-586D-4132-AE76-DB6C317BDF16}.Release|x64.Deploy.0 = Release|x64
		{DE846868-586D-4132-AE76-DB6C317BDF16}.Release|x86.ActiveCfg = Release|x86
		{DE846868-586D-4132-AE76-DB6C317BDF16}.Release|x86.Build.0 = Release|x86
		{DE846868-586D-4132-AE76-DB6C317BDF16}.Release|x86.Deploy.0 = Release|x86
		{67D274FB-DF93-4041-811A-0AAD3C326700}.Ad-Hoc|Any CPU.ActiveCfg = Debug|Any CPU
		{67D274FB-DF93-4041-811A-0AAD3C326700}.Ad-Hoc|Any CPU.Build.0 = Debug|Any CPU
		{67D274FB-DF93-4041-811A-0AAD3C326700}.Ad-Hoc|Any CPU.Deploy.0 = Debug|Any CPU
		{67D274FB-DF93-4041-811A-0AAD3C326700}.Ad-Hoc|ARM.ActiveCfg = Debug|Any CPU
		{67D274FB-DF93-4041-811A-0AAD3C326700}.Ad-Hoc|ARM.Build.0 = Debug|Any CPU
		{67D274FB-DF93-4041-811A-0AAD3C326700}.Ad-Hoc|ARM.Deploy.0 = Debug|Any CPU
		{67D274FB-DF93-4041-811A-0AAD3C326700}.Ad-Hoc|iPhone.ActiveCfg = Debug|Any CPU
		{67D274FB-DF93-4041-811A-0AAD3C326700}.Ad-Hoc|iPhone.Build.0 = Debug|Any CPU
		{67D274FB-DF93-4041-811A-0AAD3C326700}.Ad-Hoc|iPhone.Deploy.0 = Debug|Any CPU
		{67D274FB-DF93-4041-811A-0AAD3C326700}.Ad-Hoc|iPhoneSimulator.ActiveCfg = Debug|Any CPU
		{67D274FB-DF93-4041-811A-0AAD3C326700}.Ad-Hoc|iPhoneSimulator.Build.0 = Debug|Any CPU
		{67D274FB-DF93-4041-811A-0AAD3C326700}.Ad-Hoc|iPhoneSimulator.Deploy.0 = Debug|Any CPU
		{67D274FB-DF93-4041-811A-0AAD3C326700}.Ad-Hoc|x64.ActiveCfg = Debug|Any CPU
		{67D274FB-DF93-4041-811A-0AAD3C326700}.Ad-Hoc|x64.Build.0 = Debug|Any CPU
		{67D274FB-DF93-4041-811A-0AAD3C326700}.Ad-Hoc|x64.Deploy.0 = Debug|Any CPU
		{67D274FB-DF93-4041-811A-0AAD3C326700}.Ad-Hoc|x86.ActiveCfg = Debug|Any CPU
		{67D274FB-DF93-4041-811A-0AAD3C326700}.Ad-Hoc|x86.Build.0 = Debug|Any CPU
		{67D274FB-DF93-4041-811A-0AAD3C326700}.Ad-Hoc|x86.Deploy.0 = Debug|Any CPU
		{67D274FB-DF93-4041-811A-0AAD3C326700}.AppStore|Any CPU.ActiveCfg = Debug|Any CPU
		{67D274FB-DF93-4041-811A-0AAD3C326700}.AppStore|Any CPU.Build.0 = Debug|Any CPU
		{67D274FB-DF93-4041-811A-0AAD3C326700}.AppStore|Any CPU.Deploy.0 = Debug|Any CPU
		{67D274FB-DF93-4041-811A-0AAD3C326700}.AppStore|ARM.ActiveCfg = Debug|Any CPU
		{67D274FB-DF93-4041-811A-0AAD3C326700}.AppStore|ARM.Build.0 = Debug|Any CPU
		{67D274FB-DF93-4041-811A-0AAD3C326700}.AppStore|ARM.Deploy.0 = Debug|Any CPU
		{67D274FB-DF93-4041-811A-0AAD3C326700}.AppStore|iPhone.ActiveCfg = Debug|Any CPU
		{67D274FB-DF93-4041-811A-0AAD3C326700}.AppStore|iPhone.Build.0 = Debug|Any CPU
		{67D274FB-DF93-4041-811A-0AAD3C326700}.AppStore|iPhone.Deploy.0 = Debug|Any CPU
		{67D274FB-DF93-4041-811A-0AAD3C326700}.AppStore|iPhoneSimulator.ActiveCfg = Debug|Any CPU
		{67D274FB-DF93-4041-811A-0AAD3C326700}.AppStore|iPhoneSimulator.Build.0 = Debug|Any CPU
		{67D274FB-DF93-4041-811A-0AAD3C326700}.AppStore|iPhoneSimulator.Deploy.0 = Debug|Any CPU
		{67D274FB-DF93-4041-811A-0AAD3C326700}.AppStore|x64.ActiveCfg = Debug|Any CPU
		{67D274FB-DF93-4041-811A-0AAD3C326700}.AppStore|x64.Build.0 = Debug|Any CPU
		{67D274FB-DF93-4041-811A-0AAD3C326700}.AppStore|x64.Deploy.0 = Debug|Any CPU
		{67D274FB-DF93-4041-811A-0AAD3C326700}.AppStore|x86.ActiveCfg = Debug|Any CPU
		{67D274FB-DF93-4041-811A-0AAD3C326700}.AppStore|x86.Build.0 = Debug|Any CPU
		{67D274FB-DF93-4041-811A-0AAD3C326700}.AppStore|x86.Deploy.0 = Debug|Any CPU
		{67D274FB-DF93-4041-811A-0AAD3C326700}.Debug|Any CPU.ActiveCfg = Debug|Any CPU
		{67D274FB-DF93-4041-811A-0AAD3C326700}.Debug|Any CPU.Build.0 = Debug|Any CPU
		{67D274FB-DF93-4041-811A-0AAD3C326700}.Debug|Any CPU.Deploy.0 = Debug|Any CPU
		{67D274FB-DF93-4041-811A-0AAD3C326700}.Debug|ARM.ActiveCfg = Debug|Any CPU
		{67D274FB-DF93-4041-811A-0AAD3C326700}.Debug|ARM.Build.0 = Debug|Any CPU
		{67D274FB-DF93-4041-811A-0AAD3C326700}.Debug|ARM.Deploy.0 = Debug|Any CPU
		{67D274FB-DF93-4041-811A-0AAD3C326700}.Debug|iPhone.ActiveCfg = Debug|Any CPU
		{67D274FB-DF93-4041-811A-0AAD3C326700}.Debug|iPhone.Build.0 = Debug|Any CPU
		{67D274FB-DF93-4041-811A-0AAD3C326700}.Debug|iPhone.Deploy.0 = Debug|Any CPU
		{67D274FB-DF93-4041-811A-0AAD3C326700}.Debug|iPhoneSimulator.ActiveCfg = Debug|Any CPU
		{67D274FB-DF93-4041-811A-0AAD3C326700}.Debug|iPhoneSimulator.Build.0 = Debug|Any CPU
		{67D274FB-DF93-4041-811A-0AAD3C326700}.Debug|iPhoneSimulator.Deploy.0 = Debug|Any CPU
		{67D274FB-DF93-4041-811A-0AAD3C326700}.Debug|x64.ActiveCfg = Debug|Any CPU
		{67D274FB-DF93-4041-811A-0AAD3C326700}.Debug|x64.Build.0 = Debug|Any CPU
		{67D274FB-DF93-4041-811A-0AAD3C326700}.Debug|x64.Deploy.0 = Debug|Any CPU
		{67D274FB-DF93-4041-811A-0AAD3C326700}.Debug|x86.ActiveCfg = Debug|Any CPU
		{67D274FB-DF93-4041-811A-0AAD3C326700}.Debug|x86.Build.0 = Debug|Any CPU
		{67D274FB-DF93-4041-811A-0AAD3C326700}.Debug|x86.Deploy.0 = Debug|Any CPU
		{67D274FB-DF93-4041-811A-0AAD3C326700}.Release|Any CPU.ActiveCfg = Release|Any CPU
		{67D274FB-DF93-4041-811A-0AAD3C326700}.Release|Any CPU.Build.0 = Release|Any CPU
		{67D274FB-DF93-4041-811A-0AAD3C326700}.Release|Any CPU.Deploy.0 = Release|Any CPU
		{67D274FB-DF93-4041-811A-0AAD3C326700}.Release|ARM.ActiveCfg = Release|Any CPU
		{67D274FB-DF93-4041-811A-0AAD3C326700}.Release|ARM.Build.0 = Release|Any CPU
		{67D274FB-DF93-4041-811A-0AAD3C326700}.Release|ARM.Deploy.0 = Release|Any CPU
		{67D274FB-DF93-4041-811A-0AAD3C326700}.Release|iPhone.ActiveCfg = Release|Any CPU
		{67D274FB-DF93-4041-811A-0AAD3C326700}.Release|iPhone.Build.0 = Release|Any CPU
		{67D274FB-DF93-4041-811A-0AAD3C326700}.Release|iPhone.Deploy.0 = Release|Any CPU
		{67D274FB-DF93-4041-811A-0AAD3C326700}.Release|iPhoneSimulator.ActiveCfg = Release|Any CPU
		{67D274FB-DF93-4041-811A-0AAD3C326700}.Release|iPhoneSimulator.Build.0 = Release|Any CPU
		{67D274FB-DF93-4041-811A-0AAD3C326700}.Release|iPhoneSimulator.Deploy.0 = Release|Any CPU
		{67D274FB-DF93-4041-811A-0AAD3C326700}.Release|x64.ActiveCfg = Release|Any CPU
		{67D274FB-DF93-4041-811A-0AAD3C326700}.Release|x64.Build.0 = Release|Any CPU
		{67D274FB-DF93-4041-811A-0AAD3C326700}.Release|x64.Deploy.0 = Release|Any CPU
		{67D274FB-DF93-4041-811A-0AAD3C326700}.Release|x86.ActiveCfg = Release|Any CPU
		{67D274FB-DF93-4041-811A-0AAD3C326700}.Release|x86.Build.0 = Release|Any CPU
		{67D274FB-DF93-4041-811A-0AAD3C326700}.Release|x86.Deploy.0 = Release|Any CPU
	EndGlobalSection
	GlobalSection(SolutionProperties) = preSolution
		HideSolutionNode = FALSE
	EndGlobalSection
	GlobalSection(ExtensibilityGlobals) = postSolution
		SolutionGuid = {CA390DDE-1FFB-4854-89B1-D1787AA51A23}
	EndGlobalSection
EndGlobal
